
Microsoft Visual Studio Solution File, Format Version 12.00
# Visual Studio Version 17
VisualStudioVersion = 17.9.34714.143
MinimumVisualStudioVersion = 10.0.40219.1
Project("{888888A0-9F3D-457C-B088-3A5042F75D52}") = "MULTI", "MULTI.pyproj", "{70C15AC8-8AAF-43EF-8156-A7C4ECD9397E}"
EndProject
Global
	GlobalSection(SolutionConfigurationPlatforms) = preSolution
		Debug|Any CPU = Debug|Any CPU
		Release|Any CPU = Release|Any CPU
	EndGlobalSection
	GlobalSection(ProjectConfigurationPlatforms) = postSolution
		{70C15AC8-8AAF-43EF-8156-A7C4ECD9397E}.Debug|Any CPU.ActiveCfg = Debug|Any CPU
		{70C15AC8-8AAF-43EF-8156-A7C4ECD9397E}.Debug|Any CPU.Build.0 = Debug|Any CPU
		{70C15AC8-8AAF-43EF-8156-A7C4ECD9397E}.Release|Any CPU.ActiveCfg = Release|Any CPU
		{70C15AC8-8AAF-43EF-8156-A7C4ECD9397E}.Release|Any CPU.Build.0 = Release|Any CPU
	EndGlobalSection
	GlobalSection(SolutionProperties) = preSolution
		HideSolutionNode = FALSE
	EndGlobalSection
	GlobalSection(ExtensibilityGlobals) = postSolution
		SolutionGuid = {69299609-B720-4546-917E-266A863C763D}
	EndGlobalSection
EndGlobal
